
Microsoft Visual Studio Solution File, Format Version 12.00
# Visual Studio Version 16
VisualStudioVersion = 16.0.31613.86
MinimumVisualStudioVersion = 10.0.40219.1
Project("{FAE04EC0-301F-11D3-BF4B-00C04F79EFBC}") = "FinalizedDemo", "FinalizedDemo.csproj", "{20C5A0C6-D481-40A0-9E53-718188C3925D}"
EndProject
Global
	GlobalSection(SolutionConfigurationPlatforms) = preSolution
		Debug|Any CPU = Debug|Any CPU
		Release|Any CPU = Release|Any CPU
	EndGlobalSection
	GlobalSection(ProjectConfigurationPlatforms) = postSolution
		{20C5A0C6-D481-40A0-9E53-718188C3925D}.Debug|Any CPU.ActiveCfg = Debug|Any CPU
		{20C5A0C6-D481-40A0-9E53-718188C3925D}.Debug|Any CPU.Build.0 = Debug|Any CPU
		{20C5A0C6-D481-40A0-9E53-718188C3925D}.Release|Any CPU.ActiveCfg = Release|Any CPU
		{20C5A0C6-D481-40A0-9E53-718188C3925D}.Release|Any CPU.Build.0 = Release|Any CPU
	EndGlobalSection
	GlobalSection(SolutionProperties) = preSolution
		HideSolutionNode = FALSE
	EndGlobalSection
	GlobalSection(ExtensibilityGlobals) = postSolution
		SolutionGuid = {5B9C8697-3E08-4BB4-B07E-AA18B3E9B45A}
	EndGlobalSection
EndGlobal
